
Microsoft Visual Studio Solution File, Format Version 12.00
# Visual Studio 2012
Project("{FAE04EC0-301F-11D3-BF4B-00C04F79EFBC}") = "DataMining_TermProject_Code", "DataMining_TermProject_Code\DataMining_TermProject_Code.csproj", "{2A7FADB3-6E64-4121-861B-05C256E36377}"
EndProject
Global
	GlobalSection(SolutionConfigurationPlatforms) = preSolution
		Debug|Any CPU = Debug|Any CPU
		Release|Any CPU = Release|Any CPU
	EndGlobalSection
	GlobalSection(ProjectConfigurationPlatforms) = postSolution
		{2A7FADB3-6E64-4121-861B-05C256E36377}.Debug|Any CPU.ActiveCfg = Debug|Any CPU
		{2A7FADB3-6E64-4121-861B-05C256E36377}.Debug|Any CPU.Build.0 = Debug|Any CPU
		{2A7FADB3-6E64-4121-861B-05C256E36377}.Release|Any CPU.ActiveCfg = Release|Any CPU
		{2A7FADB3-6E64-4121-861B-05C256E36377}.Release|Any CPU.Build.0 = Release|Any CPU
	EndGlobalSection
	GlobalSection(SolutionProperties) = preSolution
		HideSolutionNode = FALSE
	EndGlobalSection
EndGlobal
